
Microsoft Visual Studio Solution File, Format Version 12.00
# Visual Studio 15
VisualStudioVersion = 15.0.26730.16
MinimumVisualStudioVersion = 10.0.40219.1
Project("{FAE04EC0-301F-11D3-BF4B-00C04F79EFBC}") = "App4.Android", "App4\App4.Android\App4.Android.csproj", "{D7B50FDE-8F34-4CBD-BA3B-981773AEDAEA}"
EndProject
Project("{FAE04EC0-301F-11D3-BF4B-00C04F79EFBC}") = "App4", "App4\App4\App4.csproj", "{C3BA07C7-05E4-4130-B366-C9B6895F78CB}"
EndProject
Project("{FAE04EC0-301F-11D3-BF4B-00C04F79EFBC}") = "App4.UWP", "App4\App4.UWP\App4.UWP.csproj", "{6F75BE24-B382-4C99-A773-43A135BAB7E5}"
EndProject
Project("{FAE04EC0-301F-11D3-BF4B-00C04F79EFBC}") = "App4.iOS", "App4\App4.iOS\App4.iOS.csproj", "{46B998E7-B492-4DF9-B91F-2E519453C26A}"
EndProject
Global
	GlobalSection(SolutionConfigurationPlatforms) = preSolution
		Ad-Hoc|Any CPU = Ad-Hoc|Any CPU
		Ad-Hoc|ARM = Ad-Hoc|ARM
		Ad-Hoc|iPhone = Ad-Hoc|iPhone
		Ad-Hoc|iPhoneSimulator = Ad-Hoc|iPhoneSimulator
		Ad-Hoc|x64 = Ad-Hoc|x64
		Ad-Hoc|x86 = Ad-Hoc|x86
		AppStore|Any CPU = AppStore|Any CPU
		AppStore|ARM = AppStore|ARM
		AppStore|iPhone = AppStore|iPhone
		AppStore|iPhoneSimulator = AppStore|iPhoneSimulator
		AppStore|x64 = AppStore|x64
		AppStore|x86 = AppStore|x86
		Debug|Any CPU = Debug|Any CPU
		Debug|ARM = Debug|ARM
		Debug|iPhone = Debug|iPhone
		Debug|iPhoneSimulator = Debug|iPhoneSimulator
		Debug|x64 = Debug|x64
		Debug|x86 = Debug|x86
		Release|Any CPU = Release|Any CPU
		Release|ARM = Release|ARM
		Release|iPhone = Release|iPhone
		Release|iPhoneSimulator = Release|iPhoneSimulator
		Release|x64 = Release|x64
		Release|x86 = Release|x86
	EndGlobalSection
	GlobalSection(ProjectConfigurationPlatforms) = postSolution
		{D7B50FDE-8F34-4CBD-BA3B-981773AEDAEA}.Ad-Hoc|Any CPU.ActiveCfg = Release|Any CPU
		{D7B50FDE-8F34-4CBD-BA3B-981773AEDAEA}.Ad-Hoc|Any CPU.Build.0 = Release|Any CPU
		{D7B50FDE-8F34-4CBD-BA3B-981773AEDAEA}.Ad-Hoc|Any CPU.Deploy.0 = Release|Any CPU
		{D7B50FDE-8F34-4CBD-BA3B-981773AEDAEA}.Ad-Hoc|ARM.ActiveCfg = Release|Any CPU
		{D7B50FDE-8F34-4CBD-BA3B-981773AEDAEA}.Ad-Hoc|ARM.Build.0 = Release|Any CPU
		{D7B50FDE-8F34-4CBD-BA3B-981773AEDAEA}.Ad-Hoc|ARM.Deploy.0 = Release|Any CPU
		{D7B50FDE-8F34-4CBD-BA3B-981773AEDAEA}.Ad-Hoc|iPhone.ActiveCfg = Release|Any CPU
		{D7B50FDE-8F34-4CBD-BA3B-981773AEDAEA}.Ad-Hoc|iPhone.Build.0 = Release|Any CPU
		{D7B50FDE-8F34-4CBD-BA3B-981773AEDAEA}.Ad-Hoc|iPhone.Deploy.0 = Release|Any CPU
		{D7B50FDE-8F34-4CBD-BA3B-981773AEDAEA}.Ad-Hoc|iPhoneSimulator.ActiveCfg = Release|Any CPU
		{D7B50FDE-8F34-4CBD-BA3B-981773AEDAEA}.Ad-Hoc|iPhoneSimulator.Build.0 = Release|Any CPU
		{D7B50FDE-8F34-4CBD-BA3B-981773AEDAEA}.Ad-Hoc|iPhoneSimulator.Deploy.0 = Release|Any CPU
		{D7B50FDE-8F34-4CBD-BA3B-981773AEDAEA}.Ad-Hoc|x64.ActiveCfg = Release|Any CPU
		{D7B50FDE-8F34-4CBD-BA3B-981773AEDAEA}.Ad-Hoc|x64.Build.0 = Release|Any CPU
		{D7B50FDE-8F34-4CBD-BA3B-981773AEDAEA}.Ad-Hoc|x64.Deploy.0 = Release|Any CPU
		{D7B50FDE-8F34-4CBD-BA3B-981773AEDAEA}.Ad-Hoc|x86.ActiveCfg = Release|Any CPU
		{D7B50FDE-8F34-4CBD-BA3B-981773AEDAEA}.Ad-Hoc|x86.Build.0 = Release|Any CPU
		{D7B50FDE-8F34-4CBD-BA3B-981773AEDAEA}.Ad-Hoc|x86.Deploy.0 = Release|Any CPU
		{D7B50FDE-8F34-4CBD-BA3B-981773AEDAEA}.AppStore|Any CPU.ActiveCfg = Release|Any CPU
		{D7B50FDE-8F34-4CBD-BA3B-981773AEDAEA}.AppStore|Any CPU.Build.0 = Release|Any CPU
		{D7B50FDE-8F34-4CBD-BA3B-981773AEDAEA}.AppStore|Any CPU.Deploy.0 = Release|Any CPU
		{D7B50FDE-8F34-4CBD-BA3B-981773AEDAEA}.AppStore|ARM.ActiveCfg = Release|Any CPU
		{D7B50FDE-8F34-4CBD-BA3B-981773AEDAEA}.AppStore|ARM.Build.0 = Release|Any CPU
		{D7B50FDE-8F34-4CBD-BA3B-981773AEDAEA}.AppStore|ARM.Deploy.0 = Release|Any CPU
		{D7B50FDE-8F34-4CBD-BA3B-981773AEDAEA}.AppStore|iPhone.ActiveCfg = Release|Any CPU
		{D7B50FDE-8F34-4CBD-BA3B-981773AEDAEA}.AppStore|iPhone.Build.0 = Release|Any CPU
		{D7B50FDE-8F34-4CBD-BA3B-981773AEDAEA}.AppStore|iPhone.Deploy.0 = Release|Any CPU
		{D7B50FDE-8F34-4CBD-BA3B-981773AEDAEA}.AppStore|iPhoneSimulator.ActiveCfg = Release|Any CPU
		{D7B50FDE-8F34-4CBD-BA3B-981773AEDAEA}.AppStore|iPhoneSimulator.Build.0 = Release|Any CPU
		{D7B50FDE-8F34-4CBD-BA3B-981773AEDAEA}.AppStore|iPhoneSimulator.Deploy.0 = Release|Any CPU
		{D7B50FDE-8F34-4CBD-BA3B-981773AEDAEA}.AppStore|x64.ActiveCfg = Release|Any CPU
		{D7B50FDE-8F34-4CBD-BA3B-981773AEDAEA}.AppStore|x64.Build.0 = Release|Any CPU
		{D7B50FDE-8F34-4CBD-BA3B-981773AEDAEA}.AppStore|x64.Deploy.0 = Release|Any CPU
		{D7B50FDE-8F34-4CBD-BA3B-981773AEDAEA}.AppStore|x86.ActiveCfg = Release|Any CPU
		{D7B50FDE-8F34-4CBD-BA3B-981773AEDAEA}.AppStore|x86.Build.0 = Release|Any CPU
		{D7B50FDE-8F34-4CBD-BA3B-981773AEDAEA}.AppStore|x86.Deploy.0 = Release|Any CPU
		{D7B50FDE-8F34-4CBD-BA3B-981773AEDAEA}.Debug|Any CPU.ActiveCfg = Debug|Any CPU
		{D7B50FDE-8F34-4CBD-BA3B-981773AEDAEA}.Debug|Any CPU.Build.0 = Debug|Any CPU
		{D7B50FDE-8F34-4CBD-BA3B-981773AEDAEA}.Debug|Any CPU.Deploy.0 = Debug|Any CPU
		{D7B50FDE-8F34-4CBD-BA3B-981773AEDAEA}.Debug|ARM.ActiveCfg = Debug|Any CPU
		{D7B50FDE-8F34-4CBD-BA3B-981773AEDAEA}.Debug|ARM.Build.0 = Debug|Any CPU
		{D7B50FDE-8F34-4CBD-BA3B-981773AEDAEA}.Debug|ARM.Deploy.0 = Debug|Any CPU
		{D7B50FDE-8F34-4CBD-BA3B-981773AEDAEA}.Debug|iPhone.ActiveCfg = Debug|Any CPU
		{D7B50FDE-8F34-4CBD-BA3B-981773AEDAEA}.Debug|iPhone.Build.0 = Debug|Any CPU
		{D7B50FDE-8F34-4CBD-BA3B-981773AEDAEA}.Debug|iPhone.Deploy.0 = Debug|Any CPU
		{D7B50FDE-8F34-4CBD-BA3B-981773AEDAEA}.Debug|iPhoneSimulator.ActiveCfg = Debug|Any CPU
		{D7B50FDE-8F34-4CBD-BA3B-981773AEDAEA}.Debug|iPhoneSimulator.Build.0 = Debug|Any CPU
		{D7B50FDE-8F34-4CBD-BA3B-981773AEDAEA}.Debug|iPhoneSimulator.Deploy.0 = Debug|Any CPU
		{D7B50FDE-8F34-4CBD-BA3B-981773AEDAEA}.Debug|x64.ActiveCfg = Debug|Any CPU
		{D7B50FDE-8F34-4CBD-BA3B-981773AEDAEA}.Debug|x64.Build.0 = Debug|Any CPU
		{D7B50FDE-8F34-4CBD-BA3B-981773AEDAEA}.Debug|x64.Deploy.0 = Debug|Any CPU
		{D7B50FDE-8F34-4CBD-BA3B-981773AEDAEA}.Debug|x86.ActiveCfg = Debug|Any CPU
		{D7B50FDE-8F34-4CBD-BA3B-981773AEDAEA}.Debug|x86.Build.0 = Debug|Any CPU
		{D7B50FDE-8F34-4CBD-BA3B-981773AEDAEA}.Debug|x86.Deploy.0 = Debug|Any CPU
		{D7B50FDE-8F34-4CBD-BA3B-981773AEDAEA}.Release|Any CPU.ActiveCfg = Release|Any CPU
		{D7B50FDE-8F34-4CBD-BA3B-981773AEDAEA}.Release|Any CPU.Build.0 = Release|Any CPU
		{D7B50FDE-8F34-4CBD-BA3B-981773AEDAEA}.Release|Any CPU.Deploy.0 = Release|Any CPU
		{D7B50FDE-8F34-4CBD-BA3B-981773AEDAEA}.Release|ARM.ActiveCfg = Release|Any CPU
		{D7B50FDE-8F34-4CBD-BA3B-981773AEDAEA}.Release|ARM.Build.0 = Release|Any CPU
		{D7B50FDE-8F34-4CBD-BA3B-981773AEDAEA}.Release|ARM.Deploy.0 = Release|Any CPU
		{D7B50FDE-8F34-4CBD-BA3B-981773AEDAEA}.Release|iPhone.ActiveCfg = Release|Any CPU
		{D7B50FDE-8F34-4CBD-BA3B-981773AEDAEA}.Release|iPhone.Build.0 = Release|Any CPU
		{D7B50FDE-8F34-4CBD-BA3B-981773AEDAEA}.Release|iPhone.Deploy.0 = Release|Any CPU
		{D7B50FDE-8F34-4CBD-BA3B-981773AEDAEA}.Release|iPhoneSimulator.ActiveCfg = Release|Any CPU
		{D7B50FDE-8F34-4CBD-BA3B-981773AEDAEA}.Release|iPhoneSimulator.Build.0 = Release|Any CPU
		{D7B50FDE-8F34-4CBD-BA3B-981773AEDAEA}.Release|iPhoneSimulator.Deploy.0 = Release|Any CPU
		{D7B50FDE-8F34-4CBD-BA3B-981773AEDAEA}.Release|x64.ActiveCfg = Release|Any CPU
		{D7B50FDE-8F34-4CBD-BA3B-981773AEDAEA}.Release|x64.Build.0 = Release|Any CPU
		{D7B50FDE-8F34-4CBD-BA3B-981773AEDAEA}.Release|x64.Deploy.0 = Release|Any CPU
		{D7B50FDE-8F34-4CBD-BA3B-981773AEDAEA}.Release|x86.ActiveCfg = Release|Any CPU
		{D7B50FDE-8F34-4CBD-BA3B-981773AEDAEA}.Release|x86.Build.0 = Release|Any CPU
		{D7B50FDE-8F34-4CBD-BA3B-981773AEDAEA}.Release|x86.Deploy.0 = Release|Any CPU
		{C3BA07C7-05E4-4130-B366-C9B6895F78CB}.Ad-Hoc|Any CPU.ActiveCfg = Release|Any CPU
		{C3BA07C7-05E4-4130-B366-C9B6895F78CB}.Ad-Hoc|Any CPU.Build.0 = Release|Any CPU
		{C3BA07C7-05E4-4130-B366-C9B6895F78CB}.Ad-Hoc|ARM.ActiveCfg = Release|Any CPU
		{C3BA07C7-05E4-4130-B366-C9B6895F78CB}.Ad-Hoc|ARM.Build.0 = Release|Any CPU
		{C3BA07C7-05E4-4130-B366-C9B6895F78CB}.Ad-Hoc|iPhone.ActiveCfg = Release|Any CPU
		{C3BA07C7-05E4-4130-B366-C9B6895F78CB}.Ad-Hoc|iPhone.Build.0 = Release|Any CPU
		{C3BA07C7-05E4-4130-B366-C9B6895F78CB}.Ad-Hoc|iPhoneSimulator.ActiveCfg = Release|Any CPU
		{C3BA07C7-05E4-4130-B366-C9B6895F78CB}.Ad-Hoc|iPhoneSimulator.Build.0 = Release|Any CPU
		{C3BA07C7-05E4-4130-B366-C9B6895F78CB}.Ad-Hoc|x64.ActiveCfg = Release|Any CPU
		{C3BA07C7-05E4-4130-B366-C9B6895F78CB}.Ad-Hoc|x64.Build.0 = Release|Any CPU
		{C3BA07C7-05E4-4130-B366-C9B6895F78CB}.Ad-Hoc|x86.ActiveCfg = Release|Any CPU
		{C3BA07C7-05E4-4130-B366-C9B6895F78CB}.Ad-Hoc|x86.Build.0 = Release|Any CPU
		{C3BA07C7-05E4-4130-B366-C9B6895F78CB}.AppStore|Any CPU.ActiveCfg = Release|Any CPU
		{C3BA07C7-05E4-4130-B366-C9B6895F78CB}.AppStore|Any CPU.Build.0 = Release|Any CPU
		{C3BA07C7-05E4-4130-B366-C9B6895F78CB}.AppStore|ARM.ActiveCfg = Release|Any CPU
		{C3BA07C7-05E4-4130-B366-C9B6895F78CB}.AppStore|ARM.Build.0 = Release|Any CPU
		{C3BA07C7-05E4-4130-B366-C9B6895F78CB}.AppStore|iPhone.ActiveCfg = Release|Any CPU
		{C3BA07C7-05E4-4130-B366-C9B6895F78CB}.AppStore|iPhone.Build.0 = Release|Any CPU
		{C3BA07C7-05E4-4130-B366-C9B6895F78CB}.AppStore|iPhoneSimulator.ActiveCfg = Release|Any CPU
		{C3BA07C7-05E4-4130-B366-C9B6895F78CB}.AppStore|iPhoneSimulator.Build.0 = Release|Any CPU
		{C3BA07C7-05E4-4130-B366-C9B6895F78CB}.AppStore|x64.ActiveCfg = Release|Any CPU
		{C3BA07C7-05E4-4130-B366-C9B6895F78CB}.AppStore|x64.Build.0 = Release|Any CPU
		{C3BA07C7-05E4-4130-B366-C9B6895F78CB}.AppStore|x86.ActiveCfg = Release|Any CPU
		{C3BA07C7-05E4-4130-B366-C9B6895F78CB}.AppStore|x86.Build.0 = Release|Any CPU
		{C3BA07C7-05E4-4130-B366-C9B6895F78CB}.Debug|Any CPU.ActiveCfg = Debug|Any CPU
		{C3BA07C7-05E4-4130-B366-C9B6895F78CB}.Debug|Any CPU.Build.0 = Debug|Any CPU
		{C3BA07C7-05E4-4130-B366-C9B6895F78CB}.Debug|ARM.ActiveCfg = Debug|Any CPU
		{C3BA07C7-05E4-4130-B366-C9B6895F78CB}.Debug|ARM.Build.0 = Debug|Any CPU
		{C3BA07C7-05E4-4130-B366-C9B6895F78CB}.Debug|iPhone.ActiveCfg = Debug|Any CPU
		{C3BA07C7-05E4-4130-B366-C9B6895F78CB}.Debug|iPhone.Build.0 = Debug|Any CPU
		{C3BA07C7-05E4-4130-B366-C9B6895F78CB}.Debug|iPhoneSimulator.ActiveCfg = Debug|Any CPU
		{C3BA07C7-05E4-4130-B366-C9B6895F78CB}.Debug|iPhoneSimulator.Build.0 = Debug|Any CPU
		{C3BA07C7-05E4-4130-B366-C9B6895F78CB}.Debug|x64.ActiveCfg = Debug|Any CPU
		{C3BA07C7-05E4-4130-B366-C9B6895F78CB}.Debug|x64.Build.0 = Debug|Any CPU
		{C3BA07C7-05E4-4130-B366-C9B6895F78CB}.Debug|x86.ActiveCfg = Debug|Any CPU
		{C3BA07C7-05E4-4130-B366-C9B6895F78CB}.Debug|x86.Build.0 = Debug|Any CPU
		{C3BA07C7-05E4-4130-B366-C9B6895F78CB}.Release|Any CPU.ActiveCfg = Release|Any CPU
		{C3BA07C7-05E4-4130-B366-C9B6895F78CB}.Release|Any CPU.Build.0 = Release|Any CPU
		{C3BA07C7-05E4-4130-B366-C9B6895F78CB}.Release|ARM.ActiveCfg = Release|Any CPU
		{C3BA07C7-05E4-4130-B366-C9B6895F78CB}.Release|ARM.Build.0 = Release|Any CPU
		{C3BA07C7-05E4-4130-B366-C9B6895F78CB}.Release|iPhone.ActiveCfg = Release|Any CPU
		{C3BA07C7-05E4-4130-B366-C9B6895F78CB}.Release|iPhone.Build.0 = Release|Any CPU
		{C3BA07C7-05E4-4130-B366-C9B6895F78CB}.Release|iPhoneSimulator.ActiveCfg = Release|Any CPU
		{C3BA07C7-05E4-4130-B366-C9B6895F78CB}.Release|iPhoneSimulator.Build.0 = Release|Any CPU
		{C3BA07C7-05E4-4130-B366-C9B6895F78CB}.Release|x64.ActiveCfg = Release|Any CPU
		{C3BA07C7-05E4-4130-B366-C9B6895F78CB}.Release|x64.Build.0 = Release|Any CPU
		{C3BA07C7-05E4-4130-B366-C9B6895F78CB}.Release|x86.ActiveCfg = Release|Any CPU
		{C3BA07C7-05E4-4130-B366-C9B6895F78CB}.Release|x86.Build.0 = Release|Any CPU
		{6F75BE24-B382-4C99-A773-43A135BAB7E5}.Ad-Hoc|Any CPU.ActiveCfg = Release|x86
		{6F75BE24-B382-4C99-A773-43A135BAB7E5}.Ad-Hoc|Any CPU.Build.0 = Release|x86
		{6F75BE24-B382-4C99-A773-43A135BAB7E5}.Ad-Hoc|Any CPU.Deploy.0 = Release|x86
		{6F75BE24-B382-4C99-A773-43A135BAB7E5}.Ad-Hoc|ARM.ActiveCfg = Release|ARM
		{6F75BE24-B382-4C99-A773-43A135BAB7E5}.Ad-Hoc|ARM.Build.0 = Release|ARM
		{6F75BE24-B382-4C99-A773-43A135BAB7E5}.Ad-Hoc|ARM.Deploy.0 = Release|ARM
		{6F75BE24-B382-4C99-A773-43A135BAB7E5}.Ad-Hoc|iPhone.ActiveCfg = Release|x86
		{6F75BE24-B382-4C99-A773-43A135BAB7E5}.Ad-Hoc|iPhone.Build.0 = Release|x86
		{6F75BE24-B382-4C99-A773-43A135BAB7E5}.Ad-Hoc|iPhone.Deploy.0 = Release|x86
		{6F75BE24-B382-4C99-A773-43A135BAB7E5}.Ad-Hoc|iPhoneSimulator.ActiveCfg = Release|x86
		{6F75BE24-B382-4C99-A773-43A135BAB7E5}.Ad-Hoc|iPhoneSimulator.Build.0 = Release|x86
		{6F75BE24-B382-4C99-A773-43A135BAB7E5}.Ad-Hoc|iPhoneSimulator.Deploy.0 = Release|x86
		{6F75BE24-B382-4C99-A773-43A135BAB7E5}.Ad-Hoc|x64.ActiveCfg = Release|x64
		{6F75BE24-B382-4C99-A773-43A135BAB7E5}.Ad-Hoc|x64.Build.0 = Release|x64
		{6F75BE24-B382-4C99-A773-43A135BAB7E5}.Ad-Hoc|x64.Deploy.0 = Release|x64
		{6F75BE24-B382-4C99-A773-43A135BAB7E5}.Ad-Hoc|x86.ActiveCfg = Release|x86
		{6F75BE24-B382-4C99-A773-43A135BAB7E5}.Ad-Hoc|x86.Build.0 = Release|x86
		{6F75BE24-B382-4C99-A773-43A135BAB7E5}.Ad-Hoc|x86.Deploy.0 = Release|x86
		{6F75BE24-B382-4C99-A773-43A135BAB7E5}.AppStore|Any CPU.ActiveCfg = Release|x86
		{6F75BE24-B382-4C99-A773-43A135BAB7E5}.AppStore|Any CPU.Build.0 = Release|x86
		{6F75BE24-B382-4C99-A773-43A135BAB7E5}.AppStore|Any CPU.Deploy.0 = Release|x86
		{6F75BE24-B382-4C99-A773-43A135BAB7E5}.AppStore|ARM.ActiveCfg = Release|ARM
		{6F75BE24-B382-4C99-A773-43A135BAB7E5}.AppStore|ARM.Build.0 = Release|ARM
		{6F75BE24-B382-4C99-A773-43A135BAB7E5}.AppStore|ARM.Deploy.0 = Release|ARM
		{6F75BE24-B382-4C99-A773-43A135BAB7E5}.AppStore|iPhone.ActiveCfg = Release|x86
		{6F75BE24-B382-4C99-A773-43A135BAB7E5}.AppStore|iPhone.Build.0 = Release|x86
		{6F75BE24-B382-4C99-A773-43A135BAB7E5}.AppStore|iPhone.Deploy.0 = Release|x86
		{6F75BE24-B382-4C99-A773-43A135BAB7E5}.AppStore|iPhoneSimulator.ActiveCfg = Release|x86
		{6F75BE24-B382-4C99-A773-43A135BAB7E5}.AppStore|iPhoneSimulator.Build.0 = Release|x86
		{6F75BE24-B382-4C99-A773-43A135BAB7E5}.AppStore|iPhoneSimulator.Deploy.0 = Release|x86
		{6F75BE24-B382-4C99-A773-43A135BAB7E5}.AppStore|x64.ActiveCfg = Release|x64
		{6F75BE24-B382-4C99-A773-43A135BAB7E5}.AppStore|x64.Build.0 = Release|x64
		{6F75BE24-B382-4C99-A773-43A135BAB7E5}.AppStore|x64.Deploy.0 = Release|x64
		{6F75BE24-B382-4C99-A773-43A135BAB7E5}.AppStore|x86.ActiveCfg = Release|x86
		{6F75BE24-B382-4C99-A773-43A135BAB7E5}.AppStore|x86.Build.0 = Release|x86
		{6F75BE24-B382-4C99-A773-43A135BAB7E5}.AppStore|x86.Deploy.0 = Release|x86
		{6F75BE24-B382-4C99-A773-43A135BAB7E5}.Debug|Any CPU.ActiveCfg = Debug|x86
		{6F75BE24-B382-4C99-A773-43A135BAB7E5}.Debug|ARM.ActiveCfg = Debug|ARM
		{6F75BE24-B382-4C99-A773-43A135BAB7E5}.Debug|ARM.Build.0 = Debug|ARM
		{6F75BE24-B382-4C99-A773-43A135BAB7E5}.Debug|ARM.Deploy.0 = Debug|ARM
		{6F75BE24-B382-4C99-A773-43A135BAB7E5}.Debug|iPhone.ActiveCfg = Debug|x86
		{6F75BE24-B382-4C99-A773-43A135BAB7E5}.Debug|iPhoneSimulator.ActiveCfg = Debug|x86
		{6F75BE24-B382-4C99-A773-43A135BAB7E5}.Debug|x64.ActiveCfg = Debug|x64
		{6F75BE24-B382-4C99-A773-43A135BAB7E5}.Debug|x64.Build.0 = Debug|x64
		{6F75BE24-B382-4C99-A773-43A135BAB7E5}.Debug|x64.Deploy.0 = Debug|x64
		{6F75BE24-B382-4C99-A773-43A135BAB7E5}.Debug|x86.ActiveCfg = Debug|x86
		{6F75BE24-B382-4C99-A773-43A135BAB7E5}.Debug|x86.Build.0 = Debug|x86
		{6F75BE24-B382-4C99-A773-43A135BAB7E5}.Debug|x86.Deploy.0 = Debug|x86
		{6F75BE24-B382-4C99-A773-43A135BAB7E5}.Release|Any CPU.ActiveCfg = Release|x86
		{6F75BE24-B382-4C99-A773-43A135BAB7E5}.Release|ARM.ActiveCfg = Release|ARM
		{6F75BE24-B382-4C99-A773-43A135BAB7E5}.Release|ARM.Build.0 = Release|ARM
		{6F75BE24-B382-4C99-A773-43A135BAB7E5}.Release|ARM.Deploy.0 = Release|ARM
		{6F75BE24-B382-4C99-A773-43A135BAB7E5}.Release|iPhone.ActiveCfg = Release|x86
		{6F75BE24-B382-4C99-A773-43A135BAB7E5}.Release|iPhoneSimulator.ActiveCfg = Release|x86
		{6F75BE24-B382-4C99-A773-43A135BAB7E5}.Release|x64.ActiveCfg = Release|x64
		{6F75BE24-B382-4C99-A773-43A135BAB7E5}.Release|x64.Build.0 = Release|x64
		{6F75BE24-B382-4C99-A773-43A135BAB7E5}.Release|x64.Deploy.0 = Release|x64
		{6F75BE24-B382-4C99-A773-43A135BAB7E5}.Release|x86.ActiveCfg = Release|x86
		{6F75BE24-B382-4C99-A773-43A135BAB7E5}.Release|x86.Build.0 = Release|x86
		{6F75BE24-B382-4C99-A773-43A135BAB7E5}.Release|x86.Deploy.0 = Release|x86
		{46B998E7-B492-4DF9-B91F-2E519453C26A}.Ad-Hoc|Any CPU.ActiveCfg = Ad-Hoc|iPhone
		{46B998E7-B492-4DF9-B91F-2E519453C26A}.Ad-Hoc|ARM.ActiveCfg = Ad-Hoc|iPhone
		{46B998E7-B492-4DF9-B91F-2E519453C26A}.Ad-Hoc|iPhone.ActiveCfg = Ad-Hoc|iPhone
		{46B998E7-B492-4DF9-B91F-2E519453C26A}.Ad-Hoc|iPhone.Build.0 = Ad-Hoc|iPhone
		{46B998E7-B492-4DF9-B91F-2E519453C26A}.Ad-Hoc|iPhoneSimulator.ActiveCfg = Ad-Hoc|iPhoneSimulator
		{46B998E7-B492-4DF9-B91F-2E519453C26A}.Ad-Hoc|iPhoneSimulator.Build.0 = Ad-Hoc|iPhoneSimulator
		{46B998E7-B492-4DF9-B91F-2E519453C26A}.Ad-Hoc|x64.ActiveCfg = Ad-Hoc|iPhone
		{46B998E7-B492-4DF9-B91F-2E519453C26A}.Ad-Hoc|x86.ActiveCfg = Ad-Hoc|iPhone
		{46B998E7-B492-4DF9-B91F-2E519453C26A}.AppStore|Any CPU.ActiveCfg = AppStore|iPhone
		{46B998E7-B492-4DF9-B91F-2E519453C26A}.AppStore|ARM.ActiveCfg = AppStore|iPhone
		{46B998E7-B492-4DF9-B91F-2E519453C26A}.AppStore|iPhone.ActiveCfg = AppStore|iPhone
		{46B998E7-B492-4DF9-B91F-2E519453C26A}.AppStore|iPhone.Build.0 = AppStore|iPhone
		{46B998E7-B492-4DF9-B91F-2E519453C26A}.AppStore|iPhoneSimulator.ActiveCfg = AppStore|iPhoneSimulator
		{46B998E7-B492-4DF9-B91F-2E519453C26A}.AppStore|iPhoneSimulator.Build.0 = AppStore|iPhoneSimulator
		{46B998E7-B492-4DF9-B91F-2E519453C26A}.AppStore|x64.ActiveCfg = AppStore|iPhone
		{46B998E7-B492-4DF9-B91F-2E519453C26A}.AppStore|x86.ActiveCfg = AppStore|iPhone
		{46B998E7-B492-4DF9-B91F-2E519453C26A}.Debug|Any CPU.ActiveCfg = Debug|iPhone
		{46B998E7-B492-4DF9-B91F-2E519453C26A}.Debug|ARM.ActiveCfg = Debug|iPhone
		{46B998E7-B492-4DF9-B91F-2E519453C26A}.Debug|iPhone.ActiveCfg = Debug|iPhone
		{46B998E7-B492-4DF9-B91F-2E519453C26A}.Debug|iPhone.Build.0 = Debug|iPhone
		{46B998E7-B492-4DF9-B91F-2E519453C26A}.Debug|iPhoneSimulator.ActiveCfg = Debug|iPhoneSimulator
		{46B998E7-B492-4DF9-B91F-2E519453C26A}.Debug|iPhoneSimulator.Build.0 = Debug|iPhoneSimulator
		{46B998E7-B492-4DF9-B91F-2E519453C26A}.Debug|x64.ActiveCfg = Debug|iPhone
		{46B998E7-B492-4DF9-B91F-2E519453C26A}.Debug|x86.ActiveCfg = Debug|iPhone
		{46B998E7-B492-4DF9-B91F-2E519453C26A}.Release|Any CPU.ActiveCfg = Release|iPhone
		{46B998E7-B492-4DF9-B91F-2E519453C26A}.Release|ARM.ActiveCfg = Release|iPhone
		{46B998E7-B492-4DF9-B91F-2E519453C26A}.Release|iPhone.ActiveCfg = Release|iPhone
		{46B998E7-B492-4DF9-B91F-2E519453C26A}.Release|iPhone.Build.0 = Release|iPhone
		{46B998E7-B492-4DF9-B91F-2E519453C26A}.Release|iPhoneSimulator.ActiveCfg = Release|iPhoneSimulator
		{46B998E7-B492-4DF9-B91F-2E519453C26A}.Release|iPhoneSimulator.Build.0 = Release|iPhoneSimulator
		{46B998E7-B492-4DF9-B91F-2E519453C26A}.Release|x64.ActiveCfg = Release|iPhone
		{46B998E7-B492-4DF9-B91F-2E519453C26A}.Release|x86.ActiveCfg = Release|iPhone
	EndGlobalSection
	GlobalSection(SolutionProperties) = preSolution
		HideSolutionNode = FALSE
	EndGlobalSection
	GlobalSection(ExtensibilityGlobals) = postSolution
		SolutionGuid = {E00BFA48-CF1A-48F8-9005-1DDF25286965}
	EndGlobalSection
EndGlobal
